// !$*UTF8*$!
{
	archiveVersion = 1;
	classes = {
	};
	objectVersion = 50;
	objects = {

/* Begin PBXBuildFile section */
		614CB95AE1A381CC2C63709F /* Pods_InterCorpLogin.framework in Frameworks */ = {isa = PBXBuildFile; fileRef = 99FF8ADD1C6127E9BEDE7B20 /* Pods_InterCorpLogin.framework */; };
		93E75F0350EB5D52B8D1938C /* Pods_InterCorpLoginTests.framework in Frameworks */ = {isa = PBXBuildFile; fileRef = C211981F16F2F08A8A8C94C1 /* Pods_InterCorpLoginTests.framework */; };
		A875571022CFDEA4003B8E12 /* LoginViewController.swift in Sources */ = {isa = PBXBuildFile; fileRef = A875570F22CFDEA4003B8E12 /* LoginViewController.swift */; };
		A875571322CFE22E003B8E12 /* AppLogger.swift in Sources */ = {isa = PBXBuildFile; fileRef = A875571222CFE22E003B8E12 /* AppLogger.swift */; };
		A875571622CFE78B003B8E12 /* LoginPresenter.swift in Sources */ = {isa = PBXBuildFile; fileRef = A875571522CFE78B003B8E12 /* LoginPresenter.swift */; };
		A875571822CFE7F9003B8E12 /* LoginViewControllerProtocol.swift in Sources */ = {isa = PBXBuildFile; fileRef = A875571722CFE7F9003B8E12 /* LoginViewControllerProtocol.swift */; };
		A8C620DB22CF956900DFEF2A /* AppDelegate.swift in Sources */ = {isa = PBXBuildFile; fileRef = A8C620DA22CF956900DFEF2A /* AppDelegate.swift */; };
		A8C620E022CF956900DFEF2A /* Main.storyboard in Resources */ = {isa = PBXBuildFile; fileRef = A8C620DE22CF956900DFEF2A /* Main.storyboard */; };
		A8C620E222CF956B00DFEF2A /* Assets.xcassets in Resources */ = {isa = PBXBuildFile; fileRef = A8C620E122CF956B00DFEF2A /* Assets.xcassets */; };
		A8C620E522CF956B00DFEF2A /* LaunchScreen.storyboard in Resources */ = {isa = PBXBuildFile; fileRef = A8C620E322CF956B00DFEF2A /* LaunchScreen.storyboard */; };
		A8C620F022CF956B00DFEF2A /* InterCorpLoginTests.swift in Sources */ = {isa = PBXBuildFile; fileRef = A8C620EF22CF956B00DFEF2A /* InterCorpLoginTests.swift */; };
		A8C620FB22CF956B00DFEF2A /* InterCorpLoginUITests.swift in Sources */ = {isa = PBXBuildFile; fileRef = A8C620FA22CF956B00DFEF2A /* InterCorpLoginUITests.swift */; };
		D406072E22D10CBD00B1F05C /* GoogleService-Info.plist in Resources */ = {isa = PBXBuildFile; fileRef = D406072D22D10CBD00B1F05C /* GoogleService-Info.plist */; };
		D406073122D1186F00B1F05C /* ViewControllerExtension.swift in Sources */ = {isa = PBXBuildFile; fileRef = D406073022D1186F00B1F05C /* ViewControllerExtension.swift */; };
		D406073322D126D700B1F05C /* PersonalDataFormViewController.swift in Sources */ = {isa = PBXBuildFile; fileRef = D406073222D126D600B1F05C /* PersonalDataFormViewController.swift */; };
		FDCB454D71BA901167D1D9A3 /* Pods_InterCorpLoginUITests.framework in Frameworks */ = {isa = PBXBuildFile; fileRef = FD03E432842B46FA78AC306D /* Pods_InterCorpLoginUITests.framework */; };
/* End PBXBuildFile section */

/* Begin PBXContainerItemProxy section */
		A8C620EC22CF956B00DFEF2A /* PBXContainerItemProxy */ = {
			isa = PBXContainerItemProxy;
			containerPortal = A8C620CF22CF956900DFEF2A /* Project object */;
			proxyType = 1;
			remoteGlobalIDString = A8C620D622CF956900DFEF2A;
			remoteInfo = InterCorpLogin;
		};
		A8C620F722CF956B00DFEF2A /* PBXContainerItemProxy */ = {
			isa = PBXContainerItemProxy;
			containerPortal = A8C620CF22CF956900DFEF2A /* Project object */;
			proxyType = 1;
			remoteGlobalIDString = A8C620D622CF956900DFEF2A;
			remoteInfo = InterCorpLogin;
		};
/* End PBXContainerItemProxy section */

/* Begin PBXFileReference section */
		2057F16AA5F82FB29CCB971C /* Pods-InterCorpLoginUITests.release.xcconfig */ = {isa = PBXFileReference; includeInIndex = 1; lastKnownFileType = text.xcconfig; name = "Pods-InterCorpLoginUITests.release.xcconfig"; path = "Target Support Files/Pods-InterCorpLoginUITests/Pods-InterCorpLoginUITests.release.xcconfig"; sourceTree = "<group>"; };
		209DF9916318FEBD75B53C74 /* Pods-InterCorpLoginTests.debug.xcconfig */ = {isa = PBXFileReference; includeInIndex = 1; lastKnownFileType = text.xcconfig; name = "Pods-InterCorpLoginTests.debug.xcconfig"; path = "Target Support Files/Pods-InterCorpLoginTests/Pods-InterCorpLoginTests.debug.xcconfig"; sourceTree = "<group>"; };
		7FDCC5A9518DDB8A44A601E7 /* Pods-InterCorpLogin.release.xcconfig */ = {isa = PBXFileReference; includeInIndex = 1; lastKnownFileType = text.xcconfig; name = "Pods-InterCorpLogin.release.xcconfig"; path = "Target Support Files/Pods-InterCorpLogin/Pods-InterCorpLogin.release.xcconfig"; sourceTree = "<group>"; };
		947C806FAD6FA697F11B93B0 /* Pods-InterCorpLoginUITests.debug.xcconfig */ = {isa = PBXFileReference; includeInIndex = 1; lastKnownFileType = text.xcconfig; name = "Pods-InterCorpLoginUITests.debug.xcconfig"; path = "Target Support Files/Pods-InterCorpLoginUITests/Pods-InterCorpLoginUITests.debug.xcconfig"; sourceTree = "<group>"; };
		99FF8ADD1C6127E9BEDE7B20 /* Pods_InterCorpLogin.framework */ = {isa = PBXFileReference; explicitFileType = wrapper.framework; includeInIndex = 0; path = Pods_InterCorpLogin.framework; sourceTree = BUILT_PRODUCTS_DIR; };
		A875570F22CFDEA4003B8E12 /* LoginViewController.swift */ = {isa = PBXFileReference; lastKnownFileType = sourcecode.swift; path = LoginViewController.swift; sourceTree = "<group>"; };
		A875571222CFE22E003B8E12 /* AppLogger.swift */ = {isa = PBXFileReference; lastKnownFileType = sourcecode.swift; path = AppLogger.swift; sourceTree = "<group>"; };
		A875571522CFE78B003B8E12 /* LoginPresenter.swift */ = {isa = PBXFileReference; lastKnownFileType = sourcecode.swift; path = LoginPresenter.swift; sourceTree = "<group>"; };
		A875571722CFE7F9003B8E12 /* LoginViewControllerProtocol.swift */ = {isa = PBXFileReference; lastKnownFileType = sourcecode.swift; path = LoginViewControllerProtocol.swift; sourceTree = "<group>"; };
		A8C620D722CF956900DFEF2A /* InterCorpLogin.app */ = {isa = PBXFileReference; explicitFileType = wrapper.application; includeInIndex = 0; path = InterCorpLogin.app; sourceTree = BUILT_PRODUCTS_DIR; };
		A8C620DA22CF956900DFEF2A /* AppDelegate.swift */ = {isa = PBXFileReference; lastKnownFileType = sourcecode.swift; path = AppDelegate.swift; sourceTree = "<group>"; };
		A8C620DF22CF956900DFEF2A /* Base */ = {isa = PBXFileReference; lastKnownFileType = file.storyboard; name = Base; path = Base.lproj/Main.storyboard; sourceTree = "<group>"; };
		A8C620E122CF956B00DFEF2A /* Assets.xcassets */ = {isa = PBXFileReference; lastKnownFileType = folder.assetcatalog; path = Assets.xcassets; sourceTree = "<group>"; };
		A8C620E422CF956B00DFEF2A /* Base */ = {isa = PBXFileReference; lastKnownFileType = file.storyboard; name = Base; path = Base.lproj/LaunchScreen.storyboard; sourceTree = "<group>"; };
		A8C620E622CF956B00DFEF2A /* Info.plist */ = {isa = PBXFileReference; lastKnownFileType = text.plist.xml; path = Info.plist; sourceTree = "<group>"; };
		A8C620EB22CF956B00DFEF2A /* InterCorpLoginTests.xctest */ = {isa = PBXFileReference; explicitFileType = wrapper.cfbundle; includeInIndex = 0; path = InterCorpLoginTests.xctest; sourceTree = BUILT_PRODUCTS_DIR; };
		A8C620EF22CF956B00DFEF2A /* InterCorpLoginTests.swift */ = {isa = PBXFileReference; lastKnownFileType = sourcecode.swift; path = InterCorpLoginTests.swift; sourceTree = "<group>"; };
		A8C620F122CF956B00DFEF2A /* Info.plist */ = {isa = PBXFileReference; lastKnownFileType = text.plist.xml; path = Info.plist; sourceTree = "<group>"; };
		A8C620F622CF956B00DFEF2A /* InterCorpLoginUITests.xctest */ = {isa = PBXFileReference; explicitFileType = wrapper.cfbundle; includeInIndex = 0; path = InterCorpLoginUITests.xctest; sourceTree = BUILT_PRODUCTS_DIR; };
		A8C620FA22CF956B00DFEF2A /* InterCorpLoginUITests.swift */ = {isa = PBXFileReference; lastKnownFileType = sourcecode.swift; path = InterCorpLoginUITests.swift; sourceTree = "<group>"; };
		A8C620FC22CF956B00DFEF2A /* Info.plist */ = {isa = PBXFileReference; lastKnownFileType = text.plist.xml; path = Info.plist; sourceTree = "<group>"; };
		C211981F16F2F08A8A8C94C1 /* Pods_InterCorpLoginTests.framework */ = {isa = PBXFileReference; explicitFileType = wrapper.framework; includeInIndex = 0; path = Pods_InterCorpLoginTests.framework; sourceTree = BUILT_PRODUCTS_DIR; };
		D406072D22D10CBD00B1F05C /* GoogleService-Info.plist */ = {isa = PBXFileReference; fileEncoding = 4; lastKnownFileType = text.plist.xml; path = "GoogleService-Info.plist"; sourceTree = "<group>"; };
		D406073022D1186F00B1F05C /* ViewControllerExtension.swift */ = {isa = PBXFileReference; lastKnownFileType = sourcecode.swift; path = ViewControllerExtension.swift; sourceTree = "<group>"; };
		D406073222D126D600B1F05C /* PersonalDataFormViewController.swift */ = {isa = PBXFileReference; lastKnownFileType = sourcecode.swift; path = PersonalDataFormViewController.swift; sourceTree = "<group>"; };
		F5CFAA1BE6B58596C59A3536 /* Pods-InterCorpLoginTests.release.xcconfig */ = {isa = PBXFileReference; includeInIndex = 1; lastKnownFileType = text.xcconfig; name = "Pods-InterCorpLoginTests.release.xcconfig"; path = "Target Support Files/Pods-InterCorpLoginTests/Pods-InterCorpLoginTests.release.xcconfig"; sourceTree = "<group>"; };
		FD03E432842B46FA78AC306D /* Pods_InterCorpLoginUITests.framework */ = {isa = PBXFileReference; explicitFileType = wrapper.framework; includeInIndex = 0; path = Pods_InterCorpLoginUITests.framework; sourceTree = BUILT_PRODUCTS_DIR; };
		FD84651D725DB0CC51E6B6DD /* Pods-InterCorpLogin.debug.xcconfig */ = {isa = PBXFileReference; includeInIndex = 1; lastKnownFileType = text.xcconfig; name = "Pods-InterCorpLogin.debug.xcconfig"; path = "Target Support Files/Pods-InterCorpLogin/Pods-InterCorpLogin.debug.xcconfig"; sourceTree = "<group>"; };
/* End PBXFileReference section */

/* Begin PBXFrameworksBuildPhase section */
		A8C620D422CF956900DFEF2A /* Frameworks */ = {
			isa = PBXFrameworksBuildPhase;
			buildActionMask = 2147483647;
			files = (
				614CB95AE1A381CC2C63709F /* Pods_InterCorpLogin.framework in Frameworks */,
			);
			runOnlyForDeploymentPostprocessing = 0;
		};
		A8C620E822CF956B00DFEF2A /* Frameworks */ = {
			isa = PBXFrameworksBuildPhase;
			buildActionMask = 2147483647;
			files = (
				93E75F0350EB5D52B8D1938C /* Pods_InterCorpLoginTests.framework in Frameworks */,
			);
			runOnlyForDeploymentPostprocessing = 0;
		};
		A8C620F322CF956B00DFEF2A /* Frameworks */ = {
			isa = PBXFrameworksBuildPhase;
			buildActionMask = 2147483647;
			files = (
				FDCB454D71BA901167D1D9A3 /* Pods_InterCorpLoginUITests.framework in Frameworks */,
			);
			runOnlyForDeploymentPostprocessing = 0;
		};
/* End PBXFrameworksBuildPhase section */

/* Begin PBXGroup section */
		5B8706D06C424B62A01F6540 /* Pods */ = {
			isa = PBXGroup;
			children = (
				FD84651D725DB0CC51E6B6DD /* Pods-InterCorpLogin.debug.xcconfig */,
				7FDCC5A9518DDB8A44A601E7 /* Pods-InterCorpLogin.release.xcconfig */,
				209DF9916318FEBD75B53C74 /* Pods-InterCorpLoginTests.debug.xcconfig */,
				F5CFAA1BE6B58596C59A3536 /* Pods-InterCorpLoginTests.release.xcconfig */,
				947C806FAD6FA697F11B93B0 /* Pods-InterCorpLoginUITests.debug.xcconfig */,
				2057F16AA5F82FB29CCB971C /* Pods-InterCorpLoginUITests.release.xcconfig */,
			);
			path = Pods;
			sourceTree = "<group>";
		};
		8E0DF0239E0B1E56CB8BEEB8 /* Frameworks */ = {
			isa = PBXGroup;
			children = (
				99FF8ADD1C6127E9BEDE7B20 /* Pods_InterCorpLogin.framework */,
				C211981F16F2F08A8A8C94C1 /* Pods_InterCorpLoginTests.framework */,
				FD03E432842B46FA78AC306D /* Pods_InterCorpLoginUITests.framework */,
			);
			name = Frameworks;
			sourceTree = "<group>";
		};
		A875570B22CFDDDA003B8E12 /* Features */ = {
			isa = PBXGroup;
			children = (
				D406073522D126F100B1F05C /* PersonalDataForm */,
				A875570C22CFDE17003B8E12 /* Login */,
			);
			path = Features;
			sourceTree = "<group>";
		};
		A875570C22CFDE17003B8E12 /* Login */ = {
			isa = PBXGroup;
			children = (
				A875571422CFE778003B8E12 /* Presenter */,
				A875570E22CFDE78003B8E12 /* ViewController */,
			);
			path = Login;
			sourceTree = "<group>";
		};
		A875570D22CFDE20003B8E12 /* Models */ = {
			isa = PBXGroup;
			children = (
			);
			path = Models;
			sourceTree = "<group>";
		};
		A875570E22CFDE78003B8E12 /* ViewController */ = {
			isa = PBXGroup;
			children = (
				A875570F22CFDEA4003B8E12 /* LoginViewController.swift */,
				A875571722CFE7F9003B8E12 /* LoginViewControllerProtocol.swift */,
			);
			path = ViewController;
			sourceTree = "<group>";
		};
		A875571122CFE1F9003B8E12 /* Utils */ = {
			isa = PBXGroup;
			children = (
				A875571222CFE22E003B8E12 /* AppLogger.swift */,
			);
			path = Utils;
			sourceTree = "<group>";
		};
		A875571422CFE778003B8E12 /* Presenter */ = {
			isa = PBXGroup;
			children = (
				A875571522CFE78B003B8E12 /* LoginPresenter.swift */,
			);
			path = Presenter;
			sourceTree = "<group>";
		};
		A8C620CE22CF956900DFEF2A = {
			isa = PBXGroup;
			children = (
				A8C620D922CF956900DFEF2A /* InterCorpLogin */,
				A8C620EE22CF956B00DFEF2A /* InterCorpLoginTests */,
				A8C620F922CF956B00DFEF2A /* InterCorpLoginUITests */,
				A8C620D822CF956900DFEF2A /* Products */,
				5B8706D06C424B62A01F6540 /* Pods */,
				8E0DF0239E0B1E56CB8BEEB8 /* Frameworks */,
			);
			sourceTree = "<group>";
		};
		A8C620D822CF956900DFEF2A /* Products */ = {
			isa = PBXGroup;
			children = (
				A8C620D722CF956900DFEF2A /* InterCorpLogin.app */,
				A8C620EB22CF956B00DFEF2A /* InterCorpLoginTests.xctest */,
				A8C620F622CF956B00DFEF2A /* InterCorpLoginUITests.xctest */,
			);
			name = Products;
			sourceTree = "<group>";
		};
		A8C620D922CF956900DFEF2A /* InterCorpLogin */ = {
			isa = PBXGroup;
			children = (
				D406072F22D1185800B1F05C /* Extensions */,
				A875571122CFE1F9003B8E12 /* Utils */,
				A875570D22CFDE20003B8E12 /* Models */,
				A875570B22CFDDDA003B8E12 /* Features */,
				A8C620DA22CF956900DFEF2A /* AppDelegate.swift */,
				A8C620DE22CF956900DFEF2A /* Main.storyboard */,
				A8C620E122CF956B00DFEF2A /* Assets.xcassets */,
				A8C620E322CF956B00DFEF2A /* LaunchScreen.storyboard */,
				A8C620E622CF956B00DFEF2A /* Info.plist */,
				D406072D22D10CBD00B1F05C /* GoogleService-Info.plist */,
			);
			path = InterCorpLogin;
			sourceTree = "<group>";
		};
		A8C620EE22CF956B00DFEF2A /* InterCorpLoginTests */ = {
			isa = PBXGroup;
			children = (
				A8C620EF22CF956B00DFEF2A /* InterCorpLoginTests.swift */,
				A8C620F122CF956B00DFEF2A /* Info.plist */,
			);
			path = InterCorpLoginTests;
			sourceTree = "<group>";
		};
		A8C620F922CF956B00DFEF2A /* InterCorpLoginUITests */ = {
			isa = PBXGroup;
			children = (
				A8C620FA22CF956B00DFEF2A /* InterCorpLoginUITests.swift */,
				A8C620FC22CF956B00DFEF2A /* Info.plist */,
			);
			path = InterCorpLoginUITests;
			sourceTree = "<group>";
		};
		D406072F22D1185800B1F05C /* Extensions */ = {
			isa = PBXGroup;
			children = (
				D406073022D1186F00B1F05C /* ViewControllerExtension.swift */,
			);
			path = Extensions;
			sourceTree = "<group>";
		};
		D406073522D126F100B1F05C /* PersonalDataForm */ = {
			isa = PBXGroup;
			children = (
				D406073622D1270600B1F05C /* ViewController */,
			);
			path = PersonalDataForm;
			sourceTree = "<group>";
		};
		D406073622D1270600B1F05C /* ViewController */ = {
			isa = PBXGroup;
			children = (
				D406073222D126D600B1F05C /* PersonalDataFormViewController.swift */,
			);
			path = ViewController;
			sourceTree = "<group>";
		};
/* End PBXGroup section */

/* Begin PBXNativeTarget section */
		A8C620D622CF956900DFEF2A /* InterCorpLogin */ = {
			isa = PBXNativeTarget;
			buildConfigurationList = A8C620FF22CF956B00DFEF2A /* Build configuration list for PBXNativeTarget "InterCorpLogin" */;
			buildPhases = (
				46AF0DC237EF182609FF2651 /* [CP] Check Pods Manifest.lock */,
				A8C620D322CF956900DFEF2A /* Sources */,
				A8C620D422CF956900DFEF2A /* Frameworks */,
				A8C620D522CF956900DFEF2A /* Resources */,
				FD444DA960FF378373FBECF1 /* [CP] Embed Pods Frameworks */,
				2E42894B58AAD6CBFEF5EF87 /* [CP] Copy Pods Resources */,
			);
			buildRules = (
			);
			dependencies = (
			);
			name = InterCorpLogin;
			productName = InterCorpLogin;
			productReference = A8C620D722CF956900DFEF2A /* InterCorpLogin.app */;
			productType = "com.apple.product-type.application";
		};
		A8C620EA22CF956B00DFEF2A /* InterCorpLoginTests */ = {
			isa = PBXNativeTarget;
			buildConfigurationList = A8C6210222CF956B00DFEF2A /* Build configuration list for PBXNativeTarget "InterCorpLoginTests" */;
			buildPhases = (
				19D1E1209C24A9F83A5ABADE /* [CP] Check Pods Manifest.lock */,
				A8C620E722CF956B00DFEF2A /* Sources */,
				A8C620E822CF956B00DFEF2A /* Frameworks */,
				A8C620E922CF956B00DFEF2A /* Resources */,
			);
			buildRules = (
			);
			dependencies = (
				A8C620ED22CF956B00DFEF2A /* PBXTargetDependency */,
			);
			name = InterCorpLoginTests;
			productName = InterCorpLoginTests;
			productReference = A8C620EB22CF956B00DFEF2A /* InterCorpLoginTests.xctest */;
			productType = "com.apple.product-type.bundle.unit-test";
		};
		A8C620F522CF956B00DFEF2A /* InterCorpLoginUITests */ = {
			isa = PBXNativeTarget;
			buildConfigurationList = A8C6210522CF956B00DFEF2A /* Build configuration list for PBXNativeTarget "InterCorpLoginUITests" */;
			buildPhases = (
				538A1195A4858A37DF228FED /* [CP] Check Pods Manifest.lock */,
				A8C620F222CF956B00DFEF2A /* Sources */,
				A8C620F322CF956B00DFEF2A /* Frameworks */,
				A8C620F422CF956B00DFEF2A /* Resources */,
			);
			buildRules = (
			);
			dependencies = (
				A8C620F822CF956B00DFEF2A /* PBXTargetDependency */,
			);
			name = InterCorpLoginUITests;
			productName = InterCorpLoginUITests;
			productReference = A8C620F622CF956B00DFEF2A /* InterCorpLoginUITests.xctest */;
			productType = "com.apple.product-type.bundle.ui-testing";
		};
/* End PBXNativeTarget section */

/* Begin PBXProject section */
		A8C620CF22CF956900DFEF2A /* Project object */ = {
			isa = PBXProject;
			attributes = {
				LastSwiftUpdateCheck = 1020;
				LastUpgradeCheck = 1020;
				ORGANIZATIONNAME = "Franco Ghiotti";
				TargetAttributes = {
					A8C620D622CF956900DFEF2A = {
						CreatedOnToolsVersion = 10.2.1;
					};
					A8C620EA22CF956B00DFEF2A = {
						CreatedOnToolsVersion = 10.2.1;
						TestTargetID = A8C620D622CF956900DFEF2A;
					};
					A8C620F522CF956B00DFEF2A = {
						CreatedOnToolsVersion = 10.2.1;
						TestTargetID = A8C620D622CF956900DFEF2A;
					};
				};
			};
			buildConfigurationList = A8C620D222CF956900DFEF2A /* Build configuration list for PBXProject "InterCorpLogin" */;
			compatibilityVersion = "Xcode 9.3";
			developmentRegion = en;
			hasScannedForEncodings = 0;
			knownRegions = (
				en,
				Base,
			);
			mainGroup = A8C620CE22CF956900DFEF2A;
			productRefGroup = A8C620D822CF956900DFEF2A /* Products */;
			projectDirPath = "";
			projectRoot = "";
			targets = (
				A8C620D622CF956900DFEF2A /* InterCorpLogin */,
				A8C620EA22CF956B00DFEF2A /* InterCorpLoginTests */,
				A8C620F522CF956B00DFEF2A /* InterCorpLoginUITests */,
			);
		};
/* End PBXProject section */

/* Begin PBXResourcesBuildPhase section */
		A8C620D522CF956900DFEF2A /* Resources */ = {
			isa = PBXResourcesBuildPhase;
			buildActionMask = 2147483647;
			files = (
				A8C620E522CF956B00DFEF2A /* LaunchScreen.storyboard in Resources */,
				A8C620E222CF956B00DFEF2A /* Assets.xcassets in Resources */,
				A8C620E022CF956900DFEF2A /* Main.storyboard in Resources */,
				D406072E22D10CBD00B1F05C /* GoogleService-Info.plist in Resources */,
			);
			runOnlyForDeploymentPostprocessing = 0;
		};
		A8C620E922CF956B00DFEF2A /* Resources */ = {
			isa = PBXResourcesBuildPhase;
			buildActionMask = 2147483647;
			files = (
			);
			runOnlyForDeploymentPostprocessing = 0;
		};
		A8C620F422CF956B00DFEF2A /* Resources */ = {
			isa = PBXResourcesBuildPhase;
			buildActionMask = 2147483647;
			files = (
			);
			runOnlyForDeploymentPostprocessing = 0;
		};
/* End PBXResourcesBuildPhase section */

/* Begin PBXShellScriptBuildPhase section */
		19D1E1209C24A9F83A5ABADE /* [CP] Check Pods Manifest.lock */ = {
			isa = PBXShellScriptBuildPhase;
			buildActionMask = 2147483647;
			files = (
			);
			inputFileListPaths = (
			);
			inputPaths = (
				"${PODS_PODFILE_DIR_PATH}/Podfile.lock",
				"${PODS_ROOT}/Manifest.lock",
			);
			name = "[CP] Check Pods Manifest.lock";
			outputFileListPaths = (
			);
			outputPaths = (
				"$(DERIVED_FILE_DIR)/Pods-InterCorpLoginTests-checkManifestLockResult.txt",
			);
			runOnlyForDeploymentPostprocessing = 0;
			shellPath = /bin/sh;
			shellScript = "diff \"${PODS_PODFILE_DIR_PATH}/Podfile.lock\" \"${PODS_ROOT}/Manifest.lock\" > /dev/null\nif [ $? != 0 ] ; then\n    # print error to STDERR\n    echo \"error: The sandbox is not in sync with the Podfile.lock. Run 'pod install' or update your CocoaPods installation.\" >&2\n    exit 1\nfi\n# This output is used by Xcode 'outputs' to avoid re-running this script phase.\necho \"SUCCESS\" > \"${SCRIPT_OUTPUT_FILE_0}\"\n";
			showEnvVarsInLog = 0;
		};
		2E42894B58AAD6CBFEF5EF87 /* [CP] Copy Pods Resources */ = {
			isa = PBXShellScriptBuildPhase;
			buildActionMask = 2147483647;
			files = (
			);
			inputFileListPaths = (
			);
			inputPaths = (
				"${PODS_ROOT}/Target Support Files/Pods-InterCorpLogin/Pods-InterCorpLogin-resources.sh",
				"${PODS_CONFIGURATION_BUILD_DIR}/FirebaseUI/FirebaseAuthUI.bundle",
			);
			name = "[CP] Copy Pods Resources";
			outputFileListPaths = (
			);
			outputPaths = (
				"${TARGET_BUILD_DIR}/${UNLOCALIZED_RESOURCES_FOLDER_PATH}/FirebaseAuthUI.bundle",
			);
			runOnlyForDeploymentPostprocessing = 0;
			shellPath = /bin/sh;
			shellScript = "\"${PODS_ROOT}/Target Support Files/Pods-InterCorpLogin/Pods-InterCorpLogin-resources.sh\"\n";
			showEnvVarsInLog = 0;
		};
		46AF0DC237EF182609FF2651 /* [CP] Check Pods Manifest.lock */ = {
			isa = PBXShellScriptBuildPhase;
			buildActionMask = 2147483647;
			files = (
			);
			inputFileListPaths = (
			);
			inputPaths = (
				"${PODS_PODFILE_DIR_PATH}/Podfile.lock",
				"${PODS_ROOT}/Manifest.lock",
			);
			name = "[CP] Check Pods Manifest.lock";
			outputFileListPaths = (
			);
			outputPaths = (
				"$(DERIVED_FILE_DIR)/Pods-InterCorpLogin-checkManifestLockResult.txt",
			);
			runOnlyForDeploymentPostprocessing = 0;
			shellPath = /bin/sh;
			shellScript = "diff \"${PODS_PODFILE_DIR_PATH}/Podfile.lock\" \"${PODS_ROOT}/Manifest.lock\" > /dev/null\nif [ $? != 0 ] ; then\n    # print error to STDERR\n    echo \"error: The sandbox is not in sync with the Podfile.lock. Run 'pod install' or update your CocoaPods installation.\" >&2\n    exit 1\nfi\n# This output is used by Xcode 'outputs' to avoid re-running this script phase.\necho \"SUCCESS\" > \"${SCRIPT_OUTPUT_FILE_0}\"\n";
			showEnvVarsInLog = 0;
		};
		538A1195A4858A37DF228FED /* [CP] Check Pods Manifest.lock */ = {
			isa = PBXShellScriptBuildPhase;
			buildActionMask = 2147483647;
			files = (
			);
			inputFileListPaths = (
			);
			inputPaths = (
				"${PODS_PODFILE_DIR_PATH}/Podfile.lock",
				"${PODS_ROOT}/Manifest.lock",
			);
			name = "[CP] Check Pods Manifest.lock";
			outputFileListPaths = (
			);
			outputPaths = (
				"$(DERIVED_FILE_DIR)/Pods-InterCorpLoginUITests-checkManifestLockResult.txt",
			);
			runOnlyForDeploymentPostprocessing = 0;
			shellPath = /bin/sh;
			shellScript = "diff \"${PODS_PODFILE_DIR_PATH}/Podfile.lock\" \"${PODS_ROOT}/Manifest.lock\" > /dev/null\nif [ $? != 0 ] ; then\n    # print error to STDERR\n    echo \"error: The sandbox is not in sync with the Podfile.lock. Run 'pod install' or update your CocoaPods installation.\" >&2\n    exit 1\nfi\n# This output is used by Xcode 'outputs' to avoid re-running this script phase.\necho \"SUCCESS\" > \"${SCRIPT_OUTPUT_FILE_0}\"\n";
			showEnvVarsInLog = 0;
		};
		FD444DA960FF378373FBECF1 /* [CP] Embed Pods Frameworks */ = {
			isa = PBXShellScriptBuildPhase;
			buildActionMask = 2147483647;
			files = (
			);
			inputFileListPaths = (
			);
			inputPaths = (
				"${PODS_ROOT}/Target Support Files/Pods-InterCorpLogin/Pods-InterCorpLogin-frameworks.sh",
				"${BUILT_PRODUCTS_DIR}/FBSDKCoreKit/FBSDKCoreKit.framework",
				"${BUILT_PRODUCTS_DIR}/FBSDKLoginKit/FBSDKLoginKit.framework",
				"${BUILT_PRODUCTS_DIR}/GTMSessionFetcher/GTMSessionFetcher.framework",
				"${BUILT_PRODUCTS_DIR}/GoogleUtilities/GoogleUtilities.framework",
			);
			name = "[CP] Embed Pods Frameworks";
			outputFileListPaths = (
			);
			outputPaths = (
				"${TARGET_BUILD_DIR}/${FRAMEWORKS_FOLDER_PATH}/FBSDKCoreKit.framework",
				"${TARGET_BUILD_DIR}/${FRAMEWORKS_FOLDER_PATH}/FBSDKLoginKit.framework",
				"${TARGET_BUILD_DIR}/${FRAMEWORKS_FOLDER_PATH}/GTMSessionFetcher.framework",
				"${TARGET_BUILD_DIR}/${FRAMEWORKS_FOLDER_PATH}/GoogleUtilities.framework",
			);
			runOnlyForDeploymentPostprocessing = 0;
			shellPath = /bin/sh;
			shellScript = "\"${PODS_ROOT}/Target Support Files/Pods-InterCorpLogin/Pods-InterCorpLogin-frameworks.sh\"\n";
			showEnvVarsInLog = 0;
		};
/* End PBXShellScriptBuildPhase section */

/* Begin PBXSourcesBuildPhase section */
		A8C620D322CF956900DFEF2A /* Sources */ = {
			isa = PBXSourcesBuildPhase;
			buildActionMask = 2147483647;
			files = (
				D406073322D126D700B1F05C /* PersonalDataFormViewController.swift in Sources */,
				A875571822CFE7F9003B8E12 /* LoginViewControllerProtocol.swift in Sources */,
				A875571022CFDEA4003B8E12 /* LoginViewController.swift in Sources */,
				D406073122D1186F00B1F05C /* ViewControllerExtension.swift in Sources */,
				A8C620DB22CF956900DFEF2A /* AppDelegate.swift in Sources */,
				A875571322CFE22E003B8E12 /* AppLogger.swift in Sources */,
				A875571622CFE78B003B8E12 /* LoginPresenter.swift in Sources */,
			);
			runOnlyForDeploymentPostprocessing = 0;
		};
		A8C620E722CF956B00DFEF2A /* Sources */ = {
			isa = PBXSourcesBuildPhase;
			buildActionMask = 2147483647;
			files = (
				A8C620F022CF956B00DFEF2A /* InterCorpLoginTests.swift in Sources */,
			);
			runOnlyForDeploymentPostprocessing = 0;
		};
		A8C620F222CF956B00DFEF2A /* Sources */ = {
			isa = PBXSourcesBuildPhase;
			buildActionMask = 2147483647;
			files = (
				A8C620FB22CF956B00DFEF2A /* InterCorpLoginUITests.swift in Sources */,
			);
			runOnlyForDeploymentPostprocessing = 0;
		};
/* End PBXSourcesBuildPhase section */

/* Begin PBXTargetDependency section */
		A8C620ED22CF956B00DFEF2A /* PBXTargetDependency */ = {
			isa = PBXTargetDependency;
			target = A8C620D622CF956900DFEF2A /* InterCorpLogin */;
			targetProxy = A8C620EC22CF956B00DFEF2A /* PBXContainerItemProxy */;
		};
		A8C620F822CF956B00DFEF2A /* PBXTargetDependency */ = {
			isa = PBXTargetDependency;
			target = A8C620D622CF956900DFEF2A /* InterCorpLogin */;
			targetProxy = A8C620F722CF956B00DFEF2A /* PBXContainerItemProxy */;
		};
/* End PBXTargetDependency section */

/* Begin PBXVariantGroup section */
		A8C620DE22CF956900DFEF2A /* Main.storyboard */ = {
			isa = PBXVariantGroup;
			children = (
				A8C620DF22CF956900DFEF2A /* Base */,
			);
			name = Main.storyboard;
			sourceTree = "<group>";
		};
		A8C620E322CF956B00DFEF2A /* LaunchScreen.storyboard */ = {
			isa = PBXVariantGroup;
			children = (
				A8C620E422CF956B00DFEF2A /* Base */,
			);
			name = LaunchScreen.storyboard;
			sourceTree = "<group>";
		};
/* End PBXVariantGroup section */

/* Begin XCBuildConfiguration section */
		A8C620FD22CF956B00DFEF2A /* Debug */ = {
			isa = XCBuildConfiguration;
			buildSettings = {
				ALWAYS_SEARCH_USER_PATHS = NO;
				CLANG_ANALYZER_NONNULL = YES;
				CLANG_ANALYZER_NUMBER_OBJECT_CONVERSION = YES_AGGRESSIVE;
				CLANG_CXX_LANGUAGE_STANDARD = "gnu++14";
				CLANG_CXX_LIBRARY = "libc++";
				CLANG_ENABLE_MODULES = YES;
				CLANG_ENABLE_OBJC_ARC = YES;
				CLANG_ENABLE_OBJC_WEAK = YES;
				CLANG_WARN_BLOCK_CAPTURE_AUTORELEASING = YES;
				CLANG_WARN_BOOL_CONVERSION = YES;
				CLANG_WARN_COMMA = YES;
				CLANG_WARN_CONSTANT_CONVERSION = YES;
				CLANG_WARN_DEPRECATED_OBJC_IMPLEMENTATIONS = YES;
				CLANG_WARN_DIRECT_OBJC_ISA_USAGE = YES_ERROR;
				CLANG_WARN_DOCUMENTATION_COMMENTS = YES;
				CLANG_WARN_EMPTY_BODY = YES;
				CLANG_WARN_ENUM_CONVERSION = YES;
				CLANG_WARN_INFINITE_RECURSION = YES;
				CLANG_WARN_INT_CONVERSION = YES;
				CLANG_WARN_NON_LITERAL_NULL_CONVERSION = YES;
				CLANG_WARN_OBJC_IMPLICIT_RETAIN_SELF = YES;
				CLANG_WARN_OBJC_LITERAL_CONVERSION = YES;
				CLANG_WARN_OBJC_ROOT_CLASS = YES_ERROR;
				CLANG_WARN_RANGE_LOOP_ANALYSIS = YES;
				CLANG_WARN_STRICT_PROTOTYPES = YES;
				CLANG_WARN_SUSPICIOUS_MOVE = YES;
				CLANG_WARN_UNGUARDED_AVAILABILITY = YES_AGGRESSIVE;
				CLANG_WARN_UNREACHABLE_CODE = YES;
				CLANG_WARN__DUPLICATE_METHOD_MATCH = YES;
				CODE_SIGN_IDENTITY = "iPhone Developer";
				COPY_PHASE_STRIP = NO;
				DEBUG_INFORMATION_FORMAT = dwarf;
				ENABLE_STRICT_OBJC_MSGSEND = YES;
				ENABLE_TESTABILITY = YES;
				GCC_C_LANGUAGE_STANDARD = gnu11;
				GCC_DYNAMIC_NO_PIC = NO;
				GCC_NO_COMMON_BLOCKS = YES;
				GCC_OPTIMIZATION_LEVEL = 0;
				GCC_PREPROCESSOR_DEFINITIONS = (
					"DEBUG=1",
					"$(inherited)",
				);
				GCC_WARN_64_TO_32_BIT_CONVERSION = YES;
				GCC_WARN_ABOUT_RETURN_TYPE = YES_ERROR;
				GCC_WARN_UNDECLARED_SELECTOR = YES;
				GCC_WARN_UNINITIALIZED_AUTOS = YES_AGGRESSIVE;
				GCC_WARN_UNUSED_FUNCTION = YES;
				GCC_WARN_UNUSED_VARIABLE = YES;
				IPHONEOS_DEPLOYMENT_TARGET = 12.2;
				MTL_ENABLE_DEBUG_INFO = INCLUDE_SOURCE;
				MTL_FAST_MATH = YES;
				ONLY_ACTIVE_ARCH = YES;
				SDKROOT = iphoneos;
				SWIFT_ACTIVE_COMPILATION_CONDITIONS = DEBUG;
				SWIFT_OPTIMIZATION_LEVEL = "-Onone";
			};
			name = Debug;
		};
		A8C620FE22CF956B00DFEF2A /* Release */ = {
			isa = XCBuildConfiguration;
			buildSettings = {
				ALWAYS_SEARCH_USER_PATHS = NO;
				CLANG_ANALYZER_NONNULL = YES;
				CLANG_ANALYZER_NUMBER_OBJECT_CONVERSION = YES_AGGRESSIVE;
				CLANG_CXX_LANGUAGE_STANDARD = "gnu++14";
				CLANG_CXX_LIBRARY = "libc++";
				CLANG_ENABLE_MODULES = YES;
				CLANG_ENABLE_OBJC_ARC = YES;
				CLANG_ENABLE_OBJC_WEAK = YES;
				CLANG_WARN_BLOCK_CAPTURE_AUTORELEASING = YES;
				CLANG_WARN_BOOL_CONVERSION = YES;
				CLANG_WARN_COMMA = YES;
				CLANG_WARN_CONSTANT_CONVERSION = YES;
				CLANG_WARN_DEPRECATED_OBJC_IMPLEMENTATIONS = YES;
				CLANG_WARN_DIRECT_OBJC_ISA_USAGE = YES_ERROR;
				CLANG_WARN_DOCUMENTATION_COMMENTS = YES;
				CLANG_WARN_EMPTY_BODY = YES;
				CLANG_WARN_ENUM_CONVERSION = YES;
				CLANG_WARN_INFINITE_RECURSION = YES;
				CLANG_WARN_INT_CONVERSION = YES;
				CLANG_WARN_NON_LITERAL_NULL_CONVERSION = YES;
				CLANG_WARN_OBJC_IMPLICIT_RETAIN_SELF = YES;
				CLANG_WARN_OBJC_LITERAL_CONVERSION = YES;
				CLANG_WARN_OBJC_ROOT_CLASS = YES_ERROR;
				CLANG_WARN_RANGE_LOOP_ANALYSIS = YES;
				CLANG_WARN_STRICT_PROTOTYPES = YES;
				CLANG_WARN_SUSPICIOUS_MOVE = YES;
				CLANG_WARN_UNGUARDED_AVAILABILITY = YES_AGGRESSIVE;
				CLANG_WARN_UNREACHABLE_CODE = YES;
				CLANG_WARN__DUPLICATE_METHOD_MATCH = YES;
				CODE_SIGN_IDENTITY = "iPhone Developer";
				COPY_PHASE_STRIP = NO;
				DEBUG_INFORMATION_FORMAT = "dwarf-with-dsym";
				ENABLE_NS_ASSERTIONS = NO;
				ENABLE_STRICT_OBJC_MSGSEND = YES;
				GCC_C_LANGUAGE_STANDARD = gnu11;
				GCC_NO_COMMON_BLOCKS = YES;
				GCC_WARN_64_TO_32_BIT_CONVERSION = YES;
				GCC_WARN_ABOUT_RETURN_TYPE = YES_ERROR;
				GCC_WARN_UNDECLARED_SELECTOR = YES;
				GCC_WARN_UNINITIALIZED_AUTOS = YES_AGGRESSIVE;
				GCC_WARN_UNUSED_FUNCTION = YES;
				GCC_WARN_UNUSED_VARIABLE = YES;
				IPHONEOS_DEPLOYMENT_TARGET = 12.2;
				MTL_ENABLE_DEBUG_INFO = NO;
				MTL_FAST_MATH = YES;
				SDKROOT = iphoneos;
				SWIFT_COMPILATION_MODE = wholemodule;
				SWIFT_OPTIMIZATION_LEVEL = "-O";
				VALIDATE_PRODUCT = YES;
			};
			name = Release;
		};
		A8C6210022CF956B00DFEF2A /* Debug */ = {
			isa = XCBuildConfiguration;
			baseConfigurationReference = FD84651D725DB0CC51E6B6DD /* Pods-InterCorpLogin.debug.xcconfig */;
			buildSettings = {
				ASSETCATALOG_COMPILER_APPICON_NAME = AppIcon;
				CODE_SIGN_STYLE = Automatic;
				DEVELOPMENT_TEAM = B7X9AY3GKL;
				INFOPLIST_FILE = InterCorpLogin/Info.plist;
				LD_RUNPATH_SEARCH_PATHS = (
					"$(inherited)",
					"@executable_path/Frameworks",
				);
				PRODUCT_BUNDLE_IDENTIFIER = ghiotti.InterCorpLogin;
				PRODUCT_NAME = "$(TARGET_NAME)";
				SWIFT_VERSION = 5.0;
				TARGETED_DEVICE_FAMILY = "1,2";
			};
			name = Debug;
		};
		A8C6210122CF956B00DFEF2A /* Release */ = {
			isa = XCBuildConfiguration;
			baseConfigurationReference = 7FDCC5A9518DDB8A44A601E7 /* Pods-InterCorpLogin.release.xcconfig */;
			buildSettings = {
				ASSETCATALOG_COMPILER_APPICON_NAME = AppIcon;
				CODE_SIGN_STYLE = Automatic;
				DEVELOPMENT_TEAM = B7X9AY3GKL;
				INFOPLIST_FILE = InterCorpLogin/Info.plist;
				LD_RUNPATH_SEARCH_PATHS = (
					"$(inherited)",
					"@executable_path/Frameworks",
				);
				PRODUCT_BUNDLE_IDENTIFIER = ghiotti.InterCorpLogin;
				PRODUCT_NAME = "$(TARGET_NAME)";
				SWIFT_VERSION = 5.0;
				TARGETED_DEVICE_FAMILY = "1,2";
			};
			name = Release;
		};
		A8C6210322CF956B00DFEF2A /* Debug */ = {
			isa = XCBuildConfiguration;
			baseConfigurationReference = 209DF9916318FEBD75B53C74 /* Pods-InterCorpLoginTests.debug.xcconfig */;
			buildSettings = {
				ALWAYS_EMBED_SWIFT_STANDARD_LIBRARIES = YES;
				BUNDLE_LOADER = "$(TEST_HOST)";
				CODE_SIGN_STYLE = Automatic;
				DEVELOPMENT_TEAM = B7X9AY3GKL;
				INFOPLIST_FILE = InterCorpLoginTests/Info.plist;
				LD_RUNPATH_SEARCH_PATHS = (
					"$(inherited)",
					"@executable_path/Frameworks",
					"@loader_path/Frameworks",
				);
				PRODUCT_BUNDLE_IDENTIFIER = ghiotti.InterCorpLoginTests;
				PRODUCT_NAME = "$(TARGET_NAME)";
				SWIFT_VERSION = 5.0;
				TARGETED_DEVICE_FAMILY = "1,2";
				TEST_HOST = "$(BUILT_PRODUCTS_DIR)/InterCorpLogin.app/InterCorpLogin";
			};
			name = Debug;
		};
		A8C6210422CF956B00DFEF2A /* Release */ = {
			isa = XCBuildConfiguration;
			baseConfigurationReference = F5CFAA1BE6B58596C59A3536 /* Pods-InterCorpLoginTests.release.xcconfig */;
			buildSettings = {
				ALWAYS_EMBED_SWIFT_STANDARD_LIBRARIES = YES;
				BUNDLE_LOADER = "$(TEST_HOST)";
				CODE_SIGN_STYLE = Automatic;
				DEVELOPMENT_TEAM = B7X9AY3GKL;
				INFOPLIST_FILE = InterCorpLoginTests/Info.plist;
				LD_RUNPATH_SEARCH_PATHS = (
					"$(inherited)",
					"@executable_path/Frameworks",
					"@loader_path/Frameworks",
				);
				PRODUCT_BUNDLE_IDENTIFIER = ghiotti.InterCorpLoginTests;
				PRODUCT_NAME = "$(TARGET_NAME)";
				SWIFT_VERSION = 5.0;
				TARGETED_DEVICE_FAMILY = "1,2";
				TEST_HOST = "$(BUILT_PRODUCTS_DIR)/InterCorpLogin.app/InterCorpLogin";
			};
			name = Release;
		};
		A8C6210622CF956B00DFEF2A /* Debug */ = {
			isa = XCBuildConfiguration;
			baseConfigurationReference = 947C806FAD6FA697F11B93B0 /* Pods-InterCorpLoginUITests.debug.xcconfig */;
			buildSettings = {
				ALWAYS_EMBED_SWIFT_STANDARD_LIBRARIES = YES;
				CODE_SIGN_STYLE = Automatic;
				DEVELOPMENT_TEAM = B7X9AY3GKL;
				INFOPLIST_FILE = InterCorpLoginUITests/Info.plist;
				LD_RUNPATH_SEARCH_PATHS = (
					"$(inherited)",
					"@executable_path/Frameworks",
					"@loader_path/Frameworks",
				);
				PRODUCT_BUNDLE_IDENTIFIER = ghiotti.InterCorpLoginUITests;
				PRODUCT_NAME = "$(TARGET_NAME)";
				SWIFT_VERSION = 5.0;
				TARGETED_DEVICE_FAMILY = "1,2";
				TEST_TARGET_NAME = InterCorpLogin;
			};
			name = Debug;
		};
		A8C6210722CF956B00DFEF2A /* Release */ = {
			isa = XCBuildConfiguration;
			baseConfigurationReference = 2057F16AA5F82FB29CCB971C /* Pods-InterCorpLoginUITests.release.xcconfig */;
			buildSettings = {
				ALWAYS_EMBED_SWIFT_STANDARD_LIBRARIES = YES;
				CODE_SIGN_STYLE = Automatic;
				DEVELOPMENT_TEAM = B7X9AY3GKL;
				INFOPLIST_FILE = InterCorpLoginUITests/Info.plist;
				LD_RUNPATH_SEARCH_PATHS = (
					"$(inherited)",
					"@executable_path/Frameworks",
					"@loader_path/Frameworks",
				);
				PRODUCT_BUNDLE_IDENTIFIER = ghiotti.InterCorpLoginUITests;
				PRODUCT_NAME = "$(TARGET_NAME)";
				SWIFT_VERSION = 5.0;
				TARGETED_DEVICE_FAMILY = "1,2";
				TEST_TARGET_NAME = InterCorpLogin;
			};
			name = Release;
		};
/* End XCBuildConfiguration section */

/* Begin XCConfigurationList section */
		A8C620D222CF956900DFEF2A /* Build configuration list for PBXProject "InterCorpLogin" */ = {
			isa = XCConfigurationList;
			buildConfigurations = (
				A8C620FD22CF956B00DFEF2A /* Debug */,
				A8C620FE22CF956B00DFEF2A /* Release */,
			);
			defaultConfigurationIsVisible = 0;
			defaultConfigurationName = Release;
		};
		A8C620FF22CF956B00DFEF2A /* Build configuration list for PBXNativeTarget "InterCorpLogin" */ = {
			isa = XCConfigurationList;
			buildConfigurations = (
				A8C6210022CF956B00DFEF2A /* Debug */,
				A8C6210122CF956B00DFEF2A /* Release */,
			);
			defaultConfigurationIsVisible = 0;
			defaultConfigurationName = Release;
		};
		A8C6210222CF956B00DFEF2A /* Build configuration list for PBXNativeTarget "InterCorpLoginTests" */ = {
			isa = XCConfigurationList;
			buildConfigurations = (
				A8C6210322CF956B00DFEF2A /* Debug */,
				A8C6210422CF956B00DFEF2A /* Release */,
			);
			defaultConfigurationIsVisible = 0;
			defaultConfigurationName = Release;
		};
		A8C6210522CF956B00DFEF2A /* Build configuration list for PBXNativeTarget "InterCorpLoginUITests" */ = {
			isa = XCConfigurationList;
			buildConfigurations = (
				A8C6210622CF956B00DFEF2A /* Debug */,
				A8C6210722CF956B00DFEF2A /* Release */,
			);
			defaultConfigurationIsVisible = 0;
			defaultConfigurationName = Release;
		};
/* End XCConfigurationList section */
	};
	rootObject = A8C620CF22CF956900DFEF2A /* Project object */;
}
