PODS:
  - FBSDKCoreKit (5.2.1):
    - FBSDKCoreKit/Basics (= 5.2.1)
    - FBSDKCoreKit/Core (= 5.2.1)
  - FBSDKCoreKit/Basics (5.2.1)
  - FBSDKCoreKit/Core (5.2.1):
    - FBSDKCoreKit/Basics
  - FBSDKLoginKit (5.2.1):
    - FBSDKCoreKit (~> 5.0)
  - Firebase/Auth (6.3.0):
    - Firebase/CoreOnly
    - FirebaseAuth (~> 6.1.2)
  - Firebase/CoreOnly (6.3.0):
    - FirebaseCore (= 6.0.3)
  - Firebase/Database (6.3.0):
    - Firebase/CoreOnly
    - FirebaseDatabase (~> 6.0.0)
  - FirebaseAuth (6.1.2):
    - FirebaseAuthInterop (~> 1.0)
    - FirebaseCore (~> 6.0)
    - GoogleUtilities/AppDelegateSwizzler (~> 6.2)
    - GoogleUtilities/Environment (~> 6.2)
    - GTMSessionFetcher/Core (~> 1.1)
  - FirebaseAuthInterop (1.0.0)
  - FirebaseCore (6.0.3):
    - GoogleUtilities/Environment (~> 6.0)
    - GoogleUtilities/Logger (~> 6.0)
  - FirebaseDatabase (6.0.0):
    - FirebaseAuthInterop (~> 1.0)
    - FirebaseCore (~> 6.0)
    - leveldb-library (~> 1.18)
  - FirebaseUI/Auth (8.0.2):
    - Firebase/Auth (~> 6.0)
    - GoogleUtilities/UserDefaults
  - GoogleUtilities/AppDelegateSwizzler (6.2.1):
    - GoogleUtilities/Environment
    - GoogleUtilities/Logger
    - GoogleUtilities/Network
  - GoogleUtilities/Environment (6.2.1)
  - GoogleUtilities/Logger (6.2.1):
    - GoogleUtilities/Environment
  - GoogleUtilities/Network (6.2.1):
    - GoogleUtilities/Logger
    - "GoogleUtilities/NSData+zlib"
    - GoogleUtilities/Reachability
  - "GoogleUtilities/NSData+zlib (6.2.1)"
  - GoogleUtilities/Reachability (6.2.1):
    - GoogleUtilities/Logger
  - GoogleUtilities/UserDefaults (6.2.1):
    - GoogleUtilities/Logger
  - GTMSessionFetcher/Core (1.2.2)
  - leveldb-library (1.20)
  - Material (3.1.6):
    - Material/Core (= 3.1.6)
  - Material/Core (3.1.6):
    - Motion (~> 3.1.1)
  - Motion (3.1.1):
    - Motion/Core (= 3.1.1)
  - Motion/Core (3.1.1)
  - ObjectMapper (3.5.1)

DEPENDENCIES:
  - FBSDKLoginKit
  - Firebase/Database
  - FirebaseUI/Auth
  - Material
  - ObjectMapper

SPEC REPOS:
  https://github.com/cocoapods/specs.git:
    - FBSDKCoreKit
    - FBSDKLoginKit
    - Firebase
    - FirebaseAuth
    - FirebaseAuthInterop
    - FirebaseCore
    - FirebaseDatabase
    - FirebaseUI
    - GoogleUtilities
    - GTMSessionFetcher
    - leveldb-library
    - Material
    - Motion
    - ObjectMapper

SPEC CHECKSUMS:
  FBSDKCoreKit: e1ab8d86f5eea2d7aa6ab12acca3e1d2dcb11983
  FBSDKLoginKit: 6e20e44775ddf4b159a8ca676834325e13d12221
  Firebase: 8432d732974498afd5987e9001a05f90f1a3d625
  FirebaseAuth: 7fa2cc010b93770831a4e7a60651b52c3b8d111a
  FirebaseAuthInterop: 0ffa57668be100582bb7643d4fcb7615496c41fc
  FirebaseCore: 68f8a7f50cdae542715d4e86afa37c4067217dcb
  FirebaseDatabase: f48e067716864be2b855cf716b927ef375d6cfa0
  FirebaseUI: 8734527e38959ba31b433b8115c21941d1b67ec8
  GoogleUtilities: c7a0b08bda3bf808be823ed151f0e28ac6866e71
  GTMSessionFetcher: 61bb0f61a4cb560030f1222021178008a5727a23
  leveldb-library: 08cba283675b7ed2d99629a4bc5fd052cd2bb6a5
  Material: 9b30613deb1b79487eeede5e4f90cbff084311ea
  Motion: f115b33f36cc52472a25a965daa89b3859817de0
  ObjectMapper: 70187b8941977c62ccfb423caf6b50be405cabf0

PODFILE CHECKSUM: 4cdaf94f4703d8f1b6bbc082f22463d18d75e92f

COCOAPODS: 1.6.0.beta.2
